
Microsoft Visual Studio Solution File, Format Version 12.00
# Visual Studio Version 16
VisualStudioVersion = 16.0.29613.14
MinimumVisualStudioVersion = 10.0.40219.1
Project("{FAE04EC0-301F-11D3-BF4B-00C04F79EFBC}") = "WeakAuraAutomationTool", "WeakAuraAutomationTool\WeakAuraAutomationTool.csproj", "{304A62E7-1F2D-433D-B87A-3EC58A8A3905}"
EndProject
Global
	GlobalSection(SolutionConfigurationPlatforms) = preSolution
		Debug|Any CPU = Debug|Any CPU
		Release|Any CPU = Release|Any CPU
	EndGlobalSection
	GlobalSection(ProjectConfigurationPlatforms) = postSolution
		{304A62E7-1F2D-433D-B87A-3EC58A8A3905}.Debug|Any CPU.ActiveCfg = Debug|Any CPU
		{304A62E7-1F2D-433D-B87A-3EC58A8A3905}.Debug|Any CPU.Build.0 = Debug|Any CPU
		{304A62E7-1F2D-433D-B87A-3EC58A8A3905}.Release|Any CPU.ActiveCfg = Release|Any CPU
		{304A62E7-1F2D-433D-B87A-3EC58A8A3905}.Release|Any CPU.Build.0 = Release|Any CPU
	EndGlobalSection
	GlobalSection(SolutionProperties) = preSolution
		HideSolutionNode = FALSE
	EndGlobalSection
	GlobalSection(ExtensibilityGlobals) = postSolution
		SolutionGuid = {051B219D-421B-4EF8-9AD2-DF82658B0FC2}
	EndGlobalSection
EndGlobal
